// !$*UTF8*$!
{
	archiveVersion = 1;
	classes = {
	};
	objectVersion = 56;
	objects = {

/* Begin PBXBuildFile section */
		BD4A6EED2C1B740400450DDA /* ImagePicker.swift in Sources */ = {isa = PBXBuildFile; fileRef = BD4A6EEC2C1B740400450DDA /* ImagePicker.swift */; };
		BD4A6EEF2C1B76FD00450DDA /* MoreQuiz2.swift in Sources */ = {isa = PBXBuildFile; fileRef = BD4A6EEE2C1B76FD00450DDA /* MoreQuiz2.swift */; };
		BD4A6EF12C1B771300450DDA /* MoreQuiz3.swift in Sources */ = {isa = PBXBuildFile; fileRef = BD4A6EF02C1B771300450DDA /* MoreQuiz3.swift */; };
		BD5F52282C189ACC00F62972 /* Quack_MapApp.swift in Sources */ = {isa = PBXBuildFile; fileRef = BD5F52272C189ACC00F62972 /* Quack_MapApp.swift */; };
		BD5F522A2C189ACC00F62972 /* ContentView.swift in Sources */ = {isa = PBXBuildFile; fileRef = BD5F52292C189ACC00F62972 /* ContentView.swift */; };
		BD5F522C2C189ACD00F62972 /* Assets.xcassets in Resources */ = {isa = PBXBuildFile; fileRef = BD5F522B2C189ACD00F62972 /* Assets.xcassets */; };
		BD5F522F2C189ACD00F62972 /* Preview Assets.xcassets in Resources */ = {isa = PBXBuildFile; fileRef = BD5F522E2C189ACD00F62972 /* Preview Assets.xcassets */; };
		BD7550932C18CB8B00B8B59A /* Tokyo.swift in Sources */ = {isa = PBXBuildFile; fileRef = BD7550922C18CB8B00B8B59A /* Tokyo.swift */; };
		BD7550982C18CC3200B8B59A /* TokyoFood.swift in Sources */ = {isa = PBXBuildFile; fileRef = BD7550972C18CC3200B8B59A /* TokyoFood.swift */; };
		BD75509A2C18CC5B00B8B59A /* TokyoAttracts.swift in Sources */ = {isa = PBXBuildFile; fileRef = BD7550992C18CC5B00B8B59A /* TokyoAttracts.swift */; };
		BD75509C2C18CC6900B8B59A /* TokyoShops.swift in Sources */ = {isa = PBXBuildFile; fileRef = BD75509B2C18CC6900B8B59A /* TokyoShops.swift */; };
		BD75509E2C18CC8000B8B59A /* LA.swift in Sources */ = {isa = PBXBuildFile; fileRef = BD75509D2C18CC8000B8B59A /* LA.swift */; };
		BD7550A02C18CC9400B8B59A /* LAFood.swift in Sources */ = {isa = PBXBuildFile; fileRef = BD75509F2C18CC9400B8B59A /* LAFood.swift */; };
		BD7550A22C18CCA200B8B59A /* LAAttracts.swift in Sources */ = {isa = PBXBuildFile; fileRef = BD7550A12C18CCA200B8B59A /* LAAttracts.swift */; };
		BD7550A42C18CCAF00B8B59A /* LAShops.swift in Sources */ = {isa = PBXBuildFile; fileRef = BD7550A32C18CCAF00B8B59A /* LAShops.swift */; };
		BD7550A62C18CCC400B8B59A /* LondonFood.swift in Sources */ = {isa = PBXBuildFile; fileRef = BD7550A52C18CCC400B8B59A /* LondonFood.swift */; };
		BD7550A82C18CCD000B8B59A /* LondonAttracts.swift in Sources */ = {isa = PBXBuildFile; fileRef = BD7550A72C18CCD000B8B59A /* LondonAttracts.swift */; };
		BD7550AA2C18CCDA00B8B59A /* LondonShops.swift in Sources */ = {isa = PBXBuildFile; fileRef = BD7550A92C18CCDA00B8B59A /* LondonShops.swift */; };
		BD7550AE2C18CD2D00B8B59A /* MoreHome.swift in Sources */ = {isa = PBXBuildFile; fileRef = BD7550AD2C18CD2D00B8B59A /* MoreHome.swift */; };
		BD7550B02C18CD3900B8B59A /* MoreQuiz.swift in Sources */ = {isa = PBXBuildFile; fileRef = BD7550AF2C18CD3900B8B59A /* MoreQuiz.swift */; };
		BD7550B22C18CD4500B8B59A /* About.swift in Sources */ = {isa = PBXBuildFile; fileRef = BD7550B12C18CD4500B8B59A /* About.swift */; };
		BD7550B42C18CD9800B8B59A /* London.swift in Sources */ = {isa = PBXBuildFile; fileRef = BD7550B32C18CD9800B8B59A /* London.swift */; };
/* End PBXBuildFile section */

/* Begin PBXFileReference section */
		BD4A6EEC2C1B740400450DDA /* ImagePicker.swift */ = {isa = PBXFileReference; lastKnownFileType = sourcecode.swift; path = ImagePicker.swift; sourceTree = "<group>"; };
		BD4A6EEE2C1B76FD00450DDA /* MoreQuiz2.swift */ = {isa = PBXFileReference; lastKnownFileType = sourcecode.swift; path = MoreQuiz2.swift; sourceTree = "<group>"; };
		BD4A6EF02C1B771300450DDA /* MoreQuiz3.swift */ = {isa = PBXFileReference; lastKnownFileType = sourcecode.swift; path = MoreQuiz3.swift; sourceTree = "<group>"; };
		BD5F52242C189ACC00F62972 /* QuackMap.app */ = {isa = PBXFileReference; explicitFileType = wrapper.application; includeInIndex = 0; path = QuackMap.app; sourceTree = BUILT_PRODUCTS_DIR; };
		BD5F52272C189ACC00F62972 /* Quack_MapApp.swift */ = {isa = PBXFileReference; lastKnownFileType = sourcecode.swift; path = Quack_MapApp.swift; sourceTree = "<group>"; };
		BD5F52292C189ACC00F62972 /* ContentView.swift */ = {isa = PBXFileReference; lastKnownFileType = sourcecode.swift; path = ContentView.swift; sourceTree = "<group>"; };
		BD5F522B2C189ACD00F62972 /* Assets.xcassets */ = {isa = PBXFileReference; lastKnownFileType = folder.assetcatalog; path = Assets.xcassets; sourceTree = "<group>"; };
		BD5F522E2C189ACD00F62972 /* Preview Assets.xcassets */ = {isa = PBXFileReference; lastKnownFileType = folder.assetcatalog; path = "Preview Assets.xcassets"; sourceTree = "<group>"; };
		BD7550922C18CB8B00B8B59A /* Tokyo.swift */ = {isa = PBXFileReference; lastKnownFileType = sourcecode.swift; path = Tokyo.swift; sourceTree = "<group>"; };
		BD7550972C18CC3200B8B59A /* TokyoFood.swift */ = {isa = PBXFileReference; lastKnownFileType = sourcecode.swift; path = TokyoFood.swift; sourceTree = "<group>"; };
		BD7550992C18CC5B00B8B59A /* TokyoAttracts.swift */ = {isa = PBXFileReference; lastKnownFileType = sourcecode.swift; path = TokyoAttracts.swift; sourceTree = "<group>"; };
		BD75509B2C18CC6900B8B59A /* TokyoShops.swift */ = {isa = PBXFileReference; lastKnownFileType = sourcecode.swift; path = TokyoShops.swift; sourceTree = "<group>"; };
		BD75509D2C18CC8000B8B59A /* LA.swift */ = {isa = PBXFileReference; lastKnownFileType = sourcecode.swift; path = LA.swift; sourceTree = "<group>"; };
		BD75509F2C18CC9400B8B59A /* LAFood.swift */ = {isa = PBXFileReference; lastKnownFileType = sourcecode.swift; path = LAFood.swift; sourceTree = "<group>"; };
		BD7550A12C18CCA200B8B59A /* LAAttracts.swift */ = {isa = PBXFileReference; lastKnownFileType = sourcecode.swift; path = LAAttracts.swift; sourceTree = "<group>"; };
		BD7550A32C18CCAF00B8B59A /* LAShops.swift */ = {isa = PBXFileReference; lastKnownFileType = sourcecode.swift; path = LAShops.swift; sourceTree = "<group>"; };
		BD7550A52C18CCC400B8B59A /* LondonFood.swift */ = {isa = PBXFileReference; lastKnownFileType = sourcecode.swift; path = LondonFood.swift; sourceTree = "<group>"; };
		BD7550A72C18CCD000B8B59A /* LondonAttracts.swift */ = {isa = PBXFileReference; lastKnownFileType = sourcecode.swift; path = LondonAttracts.swift; sourceTree = "<group>"; };
		BD7550A92C18CCDA00B8B59A /* LondonShops.swift */ = {isa = PBXFileReference; lastKnownFileType = sourcecode.swift; path = LondonShops.swift; sourceTree = "<group>"; };
		BD7550AD2C18CD2D00B8B59A /* MoreHome.swift */ = {isa = PBXFileReference; lastKnownFileType = sourcecode.swift; path = MoreHome.swift; sourceTree = "<group>"; };
		BD7550AF2C18CD3900B8B59A /* MoreQuiz.swift */ = {isa = PBXFileReference; lastKnownFileType = sourcecode.swift; path = MoreQuiz.swift; sourceTree = "<group>"; };
		BD7550B12C18CD4500B8B59A /* About.swift */ = {isa = PBXFileReference; lastKnownFileType = sourcecode.swift; path = About.swift; sourceTree = "<group>"; };
		BD7550B32C18CD9800B8B59A /* London.swift */ = {isa = PBXFileReference; lastKnownFileType = sourcecode.swift; path = London.swift; sourceTree = "<group>"; };
/* End PBXFileReference section */

/* Begin PBXFrameworksBuildPhase section */
		BD5F52212C189ACC00F62972 /* Frameworks */ = {
			isa = PBXFrameworksBuildPhase;
			buildActionMask = 2147483647;
			files = (
			);
			runOnlyForDeploymentPostprocessing = 0;
		};
/* End PBXFrameworksBuildPhase section */

/* Begin PBXGroup section */
		BD5F521B2C189ACC00F62972 = {
			isa = PBXGroup;
			children = (
				BD5F52262C189ACC00F62972 /* Quack Map */,
				BD5F52252C189ACC00F62972 /* Products */,
			);
			sourceTree = "<group>";
		};
		BD5F52252C189ACC00F62972 /* Products */ = {
			isa = PBXGroup;
			children = (
				BD5F52242C189ACC00F62972 /* QuackMap.app */,
			);
			name = Products;
			sourceTree = "<group>";
		};
		BD5F52262C189ACC00F62972 /* Quack Map */ = {
			isa = PBXGroup;
			children = (
				BD5F52272C189ACC00F62972 /* Quack_MapApp.swift */,
				BD5F52292C189ACC00F62972 /* ContentView.swift */,
				BD7550B12C18CD4500B8B59A /* About.swift */,
				BD7550952C18CBEA00B8B59A /* London */,
				BD7550962C18CBF000B8B59A /* LosAngeles */,
				BD7550942C18CBC000B8B59A /* Tokyo */,
				BD7550AB2C18CCEE00B8B59A /* More */,
				BD5F522D2C189ACD00F62972 /* Preview Content */,
			);
			path = "Quack Map";
			sourceTree = "<group>";
		};
		BD5F522D2C189ACD00F62972 /* Preview Content */ = {
			isa = PBXGroup;
			children = (
				BD5F522B2C189ACD00F62972 /* Assets.xcassets */,
				BD5F522E2C189ACD00F62972 /* Preview Assets.xcassets */,
			);
			path = "Preview Content";
			sourceTree = "<group>";
		};
		BD7550942C18CBC000B8B59A /* Tokyo */ = {
			isa = PBXGroup;
			children = (
				BD7550922C18CB8B00B8B59A /* Tokyo.swift */,
				BD7550972C18CC3200B8B59A /* TokyoFood.swift */,
				BD7550992C18CC5B00B8B59A /* TokyoAttracts.swift */,
				BD75509B2C18CC6900B8B59A /* TokyoShops.swift */,
			);
			path = Tokyo;
			sourceTree = "<group>";
		};
		BD7550952C18CBEA00B8B59A /* London */ = {
			isa = PBXGroup;
			children = (
				BD7550B32C18CD9800B8B59A /* London.swift */,
				BD7550A52C18CCC400B8B59A /* LondonFood.swift */,
				BD7550A72C18CCD000B8B59A /* LondonAttracts.swift */,
				BD7550A92C18CCDA00B8B59A /* LondonShops.swift */,
			);
			path = London;
			sourceTree = "<group>";
		};
		BD7550962C18CBF000B8B59A /* LosAngeles */ = {
			isa = PBXGroup;
			children = (
				BD75509D2C18CC8000B8B59A /* LA.swift */,
				BD75509F2C18CC9400B8B59A /* LAFood.swift */,
				BD7550A12C18CCA200B8B59A /* LAAttracts.swift */,
				BD7550A32C18CCAF00B8B59A /* LAShops.swift */,
			);
			path = LosAngeles;
			sourceTree = "<group>";
		};
		BD7550AB2C18CCEE00B8B59A /* More */ = {
			isa = PBXGroup;
			children = (
				BD7550AD2C18CD2D00B8B59A /* MoreHome.swift */,
				BD7550AF2C18CD3900B8B59A /* MoreQuiz.swift */,
				BD4A6EEE2C1B76FD00450DDA /* MoreQuiz2.swift */,
				BD4A6EF02C1B771300450DDA /* MoreQuiz3.swift */,
				BD4A6EEC2C1B740400450DDA /* ImagePicker.swift */,
			);
			path = More;
			sourceTree = "<group>";
		};
/* End PBXGroup section */

/* Begin PBXNativeTarget section */
		BD5F52232C189ACC00F62972 /* QuackMap */ = {
			isa = PBXNativeTarget;
			buildConfigurationList = BD5F52482C189ACD00F62972 /* Build configuration list for PBXNativeTarget "QuackMap" */;
			buildPhases = (
				BD5F52202C189ACC00F62972 /* Sources */,
				BD5F52212C189ACC00F62972 /* Frameworks */,
				BD5F52222C189ACC00F62972 /* Resources */,
			);
			buildRules = (
			);
			dependencies = (
			);
			name = QuackMap;
			productName = "Quack Map";
			productReference = BD5F52242C189ACC00F62972 /* QuackMap.app */;
			productType = "com.apple.product-type.application";
		};
/* End PBXNativeTarget section */

/* Begin PBXProject section */
		BD5F521C2C189ACC00F62972 /* Project object */ = {
			isa = PBXProject;
			attributes = {
				BuildIndependentTargetsInParallel = 1;
				LastSwiftUpdateCheck = 1540;
				LastUpgradeCheck = 1540;
				TargetAttributes = {
					BD5F52232C189ACC00F62972 = {
						CreatedOnToolsVersion = 15.4;
					};
				};
			};
			buildConfigurationList = BD5F521F2C189ACC00F62972 /* Build configuration list for PBXProject "QuackMap" */;
			compatibilityVersion = "Xcode 14.0";
			developmentRegion = en;
			hasScannedForEncodings = 0;
			knownRegions = (
				en,
				Base,
			);
			mainGroup = BD5F521B2C189ACC00F62972;
			productRefGroup = BD5F52252C189ACC00F62972 /* Products */;
			projectDirPath = "";
			projectRoot = "";
			targets = (
				BD5F52232C189ACC00F62972 /* QuackMap */,
			);
		};
/* End PBXProject section */

/* Begin PBXResourcesBuildPhase section */
		BD5F52222C189ACC00F62972 /* Resources */ = {
			isa = PBXResourcesBuildPhase;
			buildActionMask = 2147483647;
			files = (
				BD5F522F2C189ACD00F62972 /* Preview Assets.xcassets in Resources */,
				BD5F522C2C189ACD00F62972 /* Assets.xcassets in Resources */,
			);
			runOnlyForDeploymentPostprocessing = 0;
		};
/* End PBXResourcesBuildPhase section */

/* Begin PBXSourcesBuildPhase section */
		BD5F52202C189ACC00F62972 /* Sources */ = {
			isa = PBXSourcesBuildPhase;
			buildActionMask = 2147483647;
			files = (
				BD75509E2C18CC8000B8B59A /* LA.swift in Sources */,
				BD4A6EF12C1B771300450DDA /* MoreQuiz3.swift in Sources */,
				BD4A6EEF2C1B76FD00450DDA /* MoreQuiz2.swift in Sources */,
				BD7550B22C18CD4500B8B59A /* About.swift in Sources */,
				BD7550982C18CC3200B8B59A /* TokyoFood.swift in Sources */,
				BD7550A42C18CCAF00B8B59A /* LAShops.swift in Sources */,
				BD7550AE2C18CD2D00B8B59A /* MoreHome.swift in Sources */,
				BD7550A62C18CCC400B8B59A /* LondonFood.swift in Sources */,
				BD4A6EED2C1B740400450DDA /* ImagePicker.swift in Sources */,
				BD7550B02C18CD3900B8B59A /* MoreQuiz.swift in Sources */,
				BD7550B42C18CD9800B8B59A /* London.swift in Sources */,
				BD7550932C18CB8B00B8B59A /* Tokyo.swift in Sources */,
				BD7550A22C18CCA200B8B59A /* LAAttracts.swift in Sources */,
				BD5F522A2C189ACC00F62972 /* ContentView.swift in Sources */,
				BD7550A82C18CCD000B8B59A /* LondonAttracts.swift in Sources */,
				BD7550A02C18CC9400B8B59A /* LAFood.swift in Sources */,
				BD5F52282C189ACC00F62972 /* Quack_MapApp.swift in Sources */,
				BD75509C2C18CC6900B8B59A /* TokyoShops.swift in Sources */,
				BD75509A2C18CC5B00B8B59A /* TokyoAttracts.swift in Sources */,
				BD7550AA2C18CCDA00B8B59A /* LondonShops.swift in Sources */,
			);
			runOnlyForDeploymentPostprocessing = 0;
		};
/* End PBXSourcesBuildPhase section */

/* Begin XCBuildConfiguration section */
		BD5F52462C189ACD00F62972 /* Debug */ = {
			isa = XCBuildConfiguration;
			buildSettings = {
				ALWAYS_SEARCH_USER_PATHS = NO;
				ASSETCATALOG_COMPILER_GENERATE_SWIFT_ASSET_SYMBOL_EXTENSIONS = YES;
				CLANG_ANALYZER_NONNULL = YES;
				CLANG_ANALYZER_NUMBER_OBJECT_CONVERSION = YES_AGGRESSIVE;
				CLANG_CXX_LANGUAGE_STANDARD = "gnu++20";
				CLANG_ENABLE_MODULES = YES;
				CLANG_ENABLE_OBJC_ARC = YES;
				CLANG_ENABLE_OBJC_WEAK = YES;
				CLANG_WARN_BLOCK_CAPTURE_AUTORELEASING = YES;
				CLANG_WARN_BOOL_CONVERSION = YES;
				CLANG_WARN_COMMA = YES;
				CLANG_WARN_CONSTANT_CONVERSION = YES;
				CLANG_WARN_DEPRECATED_OBJC_IMPLEMENTATIONS = YES;
				CLANG_WARN_DIRECT_OBJC_ISA_USAGE = YES_ERROR;
				CLANG_WARN_DOCUMENTATION_COMMENTS = YES;
				CLANG_WARN_EMPTY_BODY = YES;
				CLANG_WARN_ENUM_CONVERSION = YES;
				CLANG_WARN_INFINITE_RECURSION = YES;
				CLANG_WARN_INT_CONVERSION = YES;
				CLANG_WARN_NON_LITERAL_NULL_CONVERSION = YES;
				CLANG_WARN_OBJC_IMPLICIT_RETAIN_SELF = YES;
				CLANG_WARN_OBJC_LITERAL_CONVERSION = YES;
				CLANG_WARN_OBJC_ROOT_CLASS = YES_ERROR;
				CLANG_WARN_QUOTED_INCLUDE_IN_FRAMEWORK_HEADER = YES;
				CLANG_WARN_RANGE_LOOP_ANALYSIS = YES;
				CLANG_WARN_STRICT_PROTOTYPES = YES;
				CLANG_WARN_SUSPICIOUS_MOVE = YES;
				CLANG_WARN_UNGUARDED_AVAILABILITY = YES_AGGRESSIVE;
				CLANG_WARN_UNREACHABLE_CODE = YES;
				CLANG_WARN__DUPLICATE_METHOD_MATCH = YES;
				COPY_PHASE_STRIP = NO;
				DEBUG_INFORMATION_FORMAT = dwarf;
				ENABLE_STRICT_OBJC_MSGSEND = YES;
				ENABLE_TESTABILITY = YES;
				ENABLE_USER_SCRIPT_SANDBOXING = YES;
				GCC_C_LANGUAGE_STANDARD = gnu17;
				GCC_DYNAMIC_NO_PIC = NO;
				GCC_NO_COMMON_BLOCKS = YES;
				GCC_OPTIMIZATION_LEVEL = 0;
				GCC_PREPROCESSOR_DEFINITIONS = (
					"DEBUG=1",
					"$(inherited)",
				);
				GCC_WARN_64_TO_32_BIT_CONVERSION = YES;
				GCC_WARN_ABOUT_RETURN_TYPE = YES_ERROR;
				GCC_WARN_UNDECLARED_SELECTOR = YES;
				GCC_WARN_UNINITIALIZED_AUTOS = YES_AGGRESSIVE;
				GCC_WARN_UNUSED_FUNCTION = YES;
				GCC_WARN_UNUSED_VARIABLE = YES;
				IPHONEOS_DEPLOYMENT_TARGET = 17.5;
				LOCALIZATION_PREFERS_STRING_CATALOGS = YES;
				MTL_ENABLE_DEBUG_INFO = INCLUDE_SOURCE;
				MTL_FAST_MATH = YES;
				ONLY_ACTIVE_ARCH = YES;
				SDKROOT = iphoneos;
				SWIFT_ACTIVE_COMPILATION_CONDITIONS = "DEBUG $(inherited)";
				SWIFT_OPTIMIZATION_LEVEL = "-Onone";
			};
			name = Debug;
		};
		BD5F52472C189ACD00F62972 /* Release */ = {
			isa = XCBuildConfiguration;
			buildSettings = {
				ALWAYS_SEARCH_USER_PATHS = NO;
				ASSETCATALOG_COMPILER_GENERATE_SWIFT_ASSET_SYMBOL_EXTENSIONS = YES;
				CLANG_ANALYZER_NONNULL = YES;
				CLANG_ANALYZER_NUMBER_OBJECT_CONVERSION = YES_AGGRESSIVE;
				CLANG_CXX_LANGUAGE_STANDARD = "gnu++20";
				CLANG_ENABLE_MODULES = YES;
				CLANG_ENABLE_OBJC_ARC = YES;
				CLANG_ENABLE_OBJC_WEAK = YES;
				CLANG_WARN_BLOCK_CAPTURE_AUTORELEASING = YES;
				CLANG_WARN_BOOL_CONVERSION = YES;
				CLANG_WARN_COMMA = YES;
				CLANG_WARN_CONSTANT_CONVERSION = YES;
				CLANG_WARN_DEPRECATED_OBJC_IMPLEMENTATIONS = YES;
				CLANG_WARN_DIRECT_OBJC_ISA_USAGE = YES_ERROR;
				CLANG_WARN_DOCUMENTATION_COMMENTS = YES;
				CLANG_WARN_EMPTY_BODY = YES;
				CLANG_WARN_ENUM_CONVERSION = YES;
				CLANG_WARN_INFINITE_RECURSION = YES;
				CLANG_WARN_INT_CONVERSION = YES;
				CLANG_WARN_NON_LITERAL_NULL_CONVERSION = YES;
				CLANG_WARN_OBJC_IMPLICIT_RETAIN_SELF = YES;
				CLANG_WARN_OBJC_LITERAL_CONVERSION = YES;
				CLANG_WARN_OBJC_ROOT_CLASS = YES_ERROR;
				CLANG_WARN_QUOTED_INCLUDE_IN_FRAMEWORK_HEADER = YES;
				CLANG_WARN_RANGE_LOOP_ANALYSIS = YES;
				CLANG_WARN_STRICT_PROTOTYPES = YES;
				CLANG_WARN_SUSPICIOUS_MOVE = YES;
				CLANG_WARN_UNGUARDED_AVAILABILITY = YES_AGGRESSIVE;
				CLANG_WARN_UNREACHABLE_CODE = YES;
				CLANG_WARN__DUPLICATE_METHOD_MATCH = YES;
				COPY_PHASE_STRIP = NO;
				DEBUG_INFORMATION_FORMAT = "dwarf-with-dsym";
				ENABLE_NS_ASSERTIONS = NO;
				ENABLE_STRICT_OBJC_MSGSEND = YES;
				ENABLE_USER_SCRIPT_SANDBOXING = YES;
				GCC_C_LANGUAGE_STANDARD = gnu17;
				GCC_NO_COMMON_BLOCKS = YES;
				GCC_WARN_64_TO_32_BIT_CONVERSION = YES;
				GCC_WARN_ABOUT_RETURN_TYPE = YES_ERROR;
				GCC_WARN_UNDECLARED_SELECTOR = YES;
				GCC_WARN_UNINITIALIZED_AUTOS = YES_AGGRESSIVE;
				GCC_WARN_UNUSED_FUNCTION = YES;
				GCC_WARN_UNUSED_VARIABLE = YES;
				IPHONEOS_DEPLOYMENT_TARGET = 17.5;
				LOCALIZATION_PREFERS_STRING_CATALOGS = YES;
				MTL_ENABLE_DEBUG_INFO = NO;
				MTL_FAST_MATH = YES;
				SDKROOT = iphoneos;
				SWIFT_COMPILATION_MODE = wholemodule;
				VALIDATE_PRODUCT = YES;
			};
			name = Release;
		};
		BD5F52492C189ACD00F62972 /* Debug */ = {
			isa = XCBuildConfiguration;
			buildSettings = {
				ASSETCATALOG_COMPILER_APPICON_NAME = AppIcon;
				ASSETCATALOG_COMPILER_GLOBAL_ACCENT_COLOR_NAME = AccentColor;
				CODE_SIGN_STYLE = Automatic;
				CURRENT_PROJECT_VERSION = 1;
				DEVELOPMENT_ASSET_PATHS = "\"Quack Map/Preview Content\"";
				DEVELOPMENT_TEAM = 8DS4RJ447P;
				ENABLE_PREVIEWS = YES;
				GENERATE_INFOPLIST_FILE = YES;
				INFOPLIST_KEY_UIApplicationSceneManifest_Generation = YES;
				INFOPLIST_KEY_UIApplicationSupportsIndirectInputEvents = YES;
				INFOPLIST_KEY_UILaunchScreen_Generation = YES;
				INFOPLIST_KEY_UISupportedInterfaceOrientations_iPad = "UIInterfaceOrientationPortrait UIInterfaceOrientationPortraitUpsideDown UIInterfaceOrientationLandscapeLeft UIInterfaceOrientationLandscapeRight";
				INFOPLIST_KEY_UISupportedInterfaceOrientations_iPhone = "UIInterfaceOrientationPortrait UIInterfaceOrientationLandscapeLeft UIInterfaceOrientationLandscapeRight";
				LD_RUNPATH_SEARCH_PATHS = (
					"$(inherited)",
					"@executable_path/Frameworks",
				);
				MARKETING_VERSION = 1.0;
				PRODUCT_BUNDLE_IDENTIFIER = com.Nysa.QuackMap;
				PRODUCT_NAME = "$(TARGET_NAME)";
				SWIFT_EMIT_LOC_STRINGS = YES;
				SWIFT_VERSION = 5.0;
				TARGETED_DEVICE_FAMILY = "1,2";
			};
			name = Debug;
		};
		BD5F524A2C189ACD00F62972 /* Release */ = {
			isa = XCBuildConfiguration;
			buildSettings = {
				ASSETCATALOG_COMPILER_APPICON_NAME = AppIcon;
				ASSETCATALOG_COMPILER_GLOBAL_ACCENT_COLOR_NAME = AccentColor;
				CODE_SIGN_STYLE = Automatic;
				CURRENT_PROJECT_VERSION = 1;
				DEVELOPMENT_ASSET_PATHS = "\"Quack Map/Preview Content\"";
				DEVELOPMENT_TEAM = 8DS4RJ447P;
				ENABLE_PREVIEWS = YES;
				GENERATE_INFOPLIST_FILE = YES;
				INFOPLIST_KEY_UIApplicationSceneManifest_Generation = YES;
				INFOPLIST_KEY_UIApplicationSupportsIndirectInputEvents = YES;
				INFOPLIST_KEY_UILaunchScreen_Generation = YES;
				INFOPLIST_KEY_UISupportedInterfaceOrientations_iPad = "UIInterfaceOrientationPortrait UIInterfaceOrientationPortraitUpsideDown UIInterfaceOrientationLandscapeLeft UIInterfaceOrientationLandscapeRight";
				INFOPLIST_KEY_UISupportedInterfaceOrientations_iPhone = "UIInterfaceOrientationPortrait UIInterfaceOrientationLandscapeLeft UIInterfaceOrientationLandscapeRight";
				LD_RUNPATH_SEARCH_PATHS = (
					"$(inherited)",
					"@executable_path/Frameworks",
				);
				MARKETING_VERSION = 1.0;
				PRODUCT_BUNDLE_IDENTIFIER = com.Nysa.QuackMap;
				PRODUCT_NAME = "$(TARGET_NAME)";
				SWIFT_EMIT_LOC_STRINGS = YES;
				SWIFT_VERSION = 5.0;
				TARGETED_DEVICE_FAMILY = "1,2";
			};
			name = Release;
		};
/* End XCBuildConfiguration section */

/* Begin XCConfigurationList section */
		BD5F521F2C189ACC00F62972 /* Build configuration list for PBXProject "QuackMap" */ = {
			isa = XCConfigurationList;
			buildConfigurations = (
				BD5F52462C189ACD00F62972 /* Debug */,
				BD5F52472C189ACD00F62972 /* Release */,
			);
			defaultConfigurationIsVisible = 0;
			defaultConfigurationName = Release;
		};
		BD5F52482C189ACD00F62972 /* Build configuration list for PBXNativeTarget "QuackMap" */ = {
			isa = XCConfigurationList;
			buildConfigurations = (
				BD5F52492C189ACD00F62972 /* Debug */,
				BD5F524A2C189ACD00F62972 /* Release */,
			);
			defaultConfigurationIsVisible = 0;
			defaultConfigurationName = Release;
		};
/* End XCConfigurationList section */
	};
	rootObject = BD5F521C2C189ACC00F62972 /* Project object */;
}
