// !$*UTF8*$!
{
	archiveVersion = 1;
	classes = {
	};
	objectVersion = 56;
	objects = {

/* Begin PBXBuildFile section */
		BD5F52282C189ACC00F62972 /* Quack_MapApp.swift in Sources */ = {isa = PBXBuildFile; fileRef = BD5F52272C189ACC00F62972 /* Quack_MapApp.swift */; };
		BD5F522A2C189ACC00F62972 /* ContentView.swift in Sources */ = {isa = PBXBuildFile; fileRef = BD5F52292C189ACC00F62972 /* ContentView.swift */; };
		BD5F522C2C189ACD00F62972 /* Assets.xcassets in Resources */ = {isa = PBXBuildFile; fileRef = BD5F522B2C189ACD00F62972 /* Assets.xcassets */; };
		BD5F522F2C189ACD00F62972 /* Preview Assets.xcassets in Resources */ = {isa = PBXBuildFile; fileRef = BD5F522E2C189ACD00F62972 /* Preview Assets.xcassets */; };
		BD5F52392C189ACD00F62972 /* Quack_MapTests.swift in Sources */ = {isa = PBXBuildFile; fileRef = BD5F52382C189ACD00F62972 /* Quack_MapTests.swift */; };
		BD5F52432C189ACD00F62972 /* Quack_MapUITests.swift in Sources */ = {isa = PBXBuildFile; fileRef = BD5F52422C189ACD00F62972 /* Quack_MapUITests.swift */; };
		BD5F52452C189ACD00F62972 /* Quack_MapUITestsLaunchTests.swift in Sources */ = {isa = PBXBuildFile; fileRef = BD5F52442C189ACD00F62972 /* Quack_MapUITestsLaunchTests.swift */; };
/* End PBXBuildFile section */

/* Begin PBXContainerItemProxy section */
		BD5F52352C189ACD00F62972 /* PBXContainerItemProxy */ = {
			isa = PBXContainerItemProxy;
			containerPortal = BD5F521C2C189ACC00F62972 /* Project object */;
			proxyType = 1;
			remoteGlobalIDString = BD5F52232C189ACC00F62972;
			remoteInfo = "Quack Map";
		};
		BD5F523F2C189ACD00F62972 /* PBXContainerItemProxy */ = {
			isa = PBXContainerItemProxy;
			containerPortal = BD5F521C2C189ACC00F62972 /* Project object */;
			proxyType = 1;
			remoteGlobalIDString = BD5F52232C189ACC00F62972;
			remoteInfo = "Quack Map";
		};
/* End PBXContainerItemProxy section */

/* Begin PBXFileReference section */
		BD5F52242C189ACC00F62972 /* Quack Map.app */ = {isa = PBXFileReference; explicitFileType = wrapper.application; includeInIndex = 0; path = "Quack Map.app"; sourceTree = BUILT_PRODUCTS_DIR; };
		BD5F52272C189ACC00F62972 /* Quack_MapApp.swift */ = {isa = PBXFileReference; lastKnownFileType = sourcecode.swift; path = Quack_MapApp.swift; sourceTree = "<group>"; };
		BD5F52292C189ACC00F62972 /* ContentView.swift */ = {isa = PBXFileReference; lastKnownFileType = sourcecode.swift; path = ContentView.swift; sourceTree = "<group>"; };
		BD5F522B2C189ACD00F62972 /* Assets.xcassets */ = {isa = PBXFileReference; lastKnownFileType = folder.assetcatalog; path = Assets.xcassets; sourceTree = "<group>"; };
		BD5F522E2C189ACD00F62972 /* Preview Assets.xcassets */ = {isa = PBXFileReference; lastKnownFileType = folder.assetcatalog; path = "Preview Assets.xcassets"; sourceTree = "<group>"; };
		BD5F52342C189ACD00F62972 /* Quack MapTests.xctest */ = {isa = PBXFileReference; explicitFileType = wrapper.cfbundle; includeInIndex = 0; path = "Quack MapTests.xctest"; sourceTree = BUILT_PRODUCTS_DIR; };
		BD5F52382C189ACD00F62972 /* Quack_MapTests.swift */ = {isa = PBXFileReference; lastKnownFileType = sourcecode.swift; path = Quack_MapTests.swift; sourceTree = "<group>"; };
		BD5F523E2C189ACD00F62972 /* Quack MapUITests.xctest */ = {isa = PBXFileReference; explicitFileType = wrapper.cfbundle; includeInIndex = 0; path = "Quack MapUITests.xctest"; sourceTree = BUILT_PRODUCTS_DIR; };
		BD5F52422C189ACD00F62972 /* Quack_MapUITests.swift */ = {isa = PBXFileReference; lastKnownFileType = sourcecode.swift; path = Quack_MapUITests.swift; sourceTree = "<group>"; };
		BD5F52442C189ACD00F62972 /* Quack_MapUITestsLaunchTests.swift */ = {isa = PBXFileReference; lastKnownFileType = sourcecode.swift; path = Quack_MapUITestsLaunchTests.swift; sourceTree = "<group>"; };
/* End PBXFileReference section */

/* Begin PBXFrameworksBuildPhase section */
		BD5F52212C189ACC00F62972 /* Frameworks */ = {
			isa = PBXFrameworksBuildPhase;
			buildActionMask = 2147483647;
			files = (
			);
			runOnlyForDeploymentPostprocessing = 0;
		};
		BD5F52312C189ACD00F62972 /* Frameworks */ = {
			isa = PBXFrameworksBuildPhase;
			buildActionMask = 2147483647;
			files = (
			);
			runOnlyForDeploymentPostprocessing = 0;
		};
		BD5F523B2C189ACD00F62972 /* Frameworks */ = {
			isa = PBXFrameworksBuildPhase;
			buildActionMask = 2147483647;
			files = (
			);
			runOnlyForDeploymentPostprocessing = 0;
		};
/* End PBXFrameworksBuildPhase section */

/* Begin PBXGroup section */
		BD5F521B2C189ACC00F62972 = {
			isa = PBXGroup;
			children = (
				BD5F52262C189ACC00F62972 /* Quack Map */,
				BD5F52372C189ACD00F62972 /* Quack MapTests */,
				BD5F52412C189ACD00F62972 /* Quack MapUITests */,
				BD5F52252C189ACC00F62972 /* Products */,
			);
			sourceTree = "<group>";
		};
		BD5F52252C189ACC00F62972 /* Products */ = {
			isa = PBXGroup;
			children = (
				BD5F52242C189ACC00F62972 /* Quack Map.app */,
				BD5F52342C189ACD00F62972 /* Quack MapTests.xctest */,
				BD5F523E2C189ACD00F62972 /* Quack MapUITests.xctest */,
			);
			name = Products;
			sourceTree = "<group>";
		};
		BD5F52262C189ACC00F62972 /* Quack Map */ = {
			isa = PBXGroup;
			children = (
				BD5F52272C189ACC00F62972 /* Quack_MapApp.swift */,
				BD5F52292C189ACC00F62972 /* ContentView.swift */,
				BD5F522B2C189ACD00F62972 /* Assets.xcassets */,
				BD5F522D2C189ACD00F62972 /* Preview Content */,
			);
			path = "Quack Map";
			sourceTree = "<group>";
		};
		BD5F522D2C189ACD00F62972 /* Preview Content */ = {
			isa = PBXGroup;
			children = (
				BD5F522E2C189ACD00F62972 /* Preview Assets.xcassets */,
			);
			path = "Preview Content";
			sourceTree = "<group>";
		};
		BD5F52372C189ACD00F62972 /* Quack MapTests */ = {
			isa = PBXGroup;
			children = (
				BD5F52382C189ACD00F62972 /* Quack_MapTests.swift */,
			);
			path = "Quack MapTests";
			sourceTree = "<group>";
		};
		BD5F52412C189ACD00F62972 /* Quack MapUITests */ = {
			isa = PBXGroup;
			children = (
				BD5F52422C189ACD00F62972 /* Quack_MapUITests.swift */,
				BD5F52442C189ACD00F62972 /* Quack_MapUITestsLaunchTests.swift */,
			);
			path = "Quack MapUITests";
			sourceTree = "<group>";
		};
/* End PBXGroup section */

/* Begin PBXNativeTarget section */
		BD5F52232C189ACC00F62972 /* Quack Map */ = {
			isa = PBXNativeTarget;
			buildConfigurationList = BD5F52482C189ACD00F62972 /* Build configuration list for PBXNativeTarget "Quack Map" */;
			buildPhases = (
				BD5F52202C189ACC00F62972 /* Sources */,
				BD5F52212C189ACC00F62972 /* Frameworks */,
				BD5F52222C189ACC00F62972 /* Resources */,
			);
			buildRules = (
			);
			dependencies = (
			);
			name = "Quack Map";
			productName = "Quack Map";
			productReference = BD5F52242C189ACC00F62972 /* Quack Map.app */;
			productType = "com.apple.product-type.application";
		};
		BD5F52332C189ACD00F62972 /* Quack MapTests */ = {
			isa = PBXNativeTarget;
			buildConfigurationList = BD5F524B2C189ACD00F62972 /* Build configuration list for PBXNativeTarget "Quack MapTests" */;
			buildPhases = (
				BD5F52302C189ACD00F62972 /* Sources */,
				BD5F52312C189ACD00F62972 /* Frameworks */,
				BD5F52322C189ACD00F62972 /* Resources */,
			);
			buildRules = (
			);
			dependencies = (
				BD5F52362C189ACD00F62972 /* PBXTargetDependency */,
			);
			name = "Quack MapTests";
			productName = "Quack MapTests";
			productReference = BD5F52342C189ACD00F62972 /* Quack MapTests.xctest */;
			productType = "com.apple.product-type.bundle.unit-test";
		};
		BD5F523D2C189ACD00F62972 /* Quack MapUITests */ = {
			isa = PBXNativeTarget;
			buildConfigurationList = BD5F524E2C189ACD00F62972 /* Build configuration list for PBXNativeTarget "Quack MapUITests" */;
			buildPhases = (
				BD5F523A2C189ACD00F62972 /* Sources */,
				BD5F523B2C189ACD00F62972 /* Frameworks */,
				BD5F523C2C189ACD00F62972 /* Resources */,
			);
			buildRules = (
			);
			dependencies = (
				BD5F52402C189ACD00F62972 /* PBXTargetDependency */,
			);
			name = "Quack MapUITests";
			productName = "Quack MapUITests";
			productReference = BD5F523E2C189ACD00F62972 /* Quack MapUITests.xctest */;
			productType = "com.apple.product-type.bundle.ui-testing";
		};
/* End PBXNativeTarget section */

/* Begin PBXProject section */
		BD5F521C2C189ACC00F62972 /* Project object */ = {
			isa = PBXProject;
			attributes = {
				BuildIndependentTargetsInParallel = 1;
				LastSwiftUpdateCheck = 1540;
				LastUpgradeCheck = 1540;
				TargetAttributes = {
					BD5F52232C189ACC00F62972 = {
						CreatedOnToolsVersion = 15.4;
					};
					BD5F52332C189ACD00F62972 = {
						CreatedOnToolsVersion = 15.4;
						TestTargetID = BD5F52232C189ACC00F62972;
					};
					BD5F523D2C189ACD00F62972 = {
						CreatedOnToolsVersion = 15.4;
						TestTargetID = BD5F52232C189ACC00F62972;
					};
				};
			};
			buildConfigurationList = BD5F521F2C189ACC00F62972 /* Build configuration list for PBXProject "Quack Map" */;
			compatibilityVersion = "Xcode 14.0";
			developmentRegion = en;
			hasScannedForEncodings = 0;
			knownRegions = (
				en,
				Base,
			);
			mainGroup = BD5F521B2C189ACC00F62972;
			productRefGroup = BD5F52252C189ACC00F62972 /* Products */;
			projectDirPath = "";
			projectRoot = "";
			targets = (
				BD5F52232C189ACC00F62972 /* Quack Map */,
				BD5F52332C189ACD00F62972 /* Quack MapTests */,
				BD5F523D2C189ACD00F62972 /* Quack MapUITests */,
			);
		};
/* End PBXProject section */

/* Begin PBXResourcesBuildPhase section */
		BD5F52222C189ACC00F62972 /* Resources */ = {
			isa = PBXResourcesBuildPhase;
			buildActionMask = 2147483647;
			files = (
				BD5F522F2C189ACD00F62972 /* Preview Assets.xcassets in Resources */,
				BD5F522C2C189ACD00F62972 /* Assets.xcassets in Resources */,
			);
			runOnlyForDeploymentPostprocessing = 0;
		};
		BD5F52322C189ACD00F62972 /* Resources */ = {
			isa = PBXResourcesBuildPhase;
			buildActionMask = 2147483647;
			files = (
			);
			runOnlyForDeploymentPostprocessing = 0;
		};
		BD5F523C2C189ACD00F62972 /* Resources */ = {
			isa = PBXResourcesBuildPhase;
			buildActionMask = 2147483647;
			files = (
			);
			runOnlyForDeploymentPostprocessing = 0;
		};
/* End PBXResourcesBuildPhase section */

/* Begin PBXSourcesBuildPhase section */
		BD5F52202C189ACC00F62972 /* Sources */ = {
			isa = PBXSourcesBuildPhase;
			buildActionMask = 2147483647;
			files = (
				BD5F522A2C189ACC00F62972 /* ContentView.swift in Sources */,
				BD5F52282C189ACC00F62972 /* Quack_MapApp.swift in Sources */,
			);
			runOnlyForDeploymentPostprocessing = 0;
		};
		BD5F52302C189ACD00F62972 /* Sources */ = {
			isa = PBXSourcesBuildPhase;
			buildActionMask = 2147483647;
			files = (
				BD5F52392C189ACD00F62972 /* Quack_MapTests.swift in Sources */,
			);
			runOnlyForDeploymentPostprocessing = 0;
		};
		BD5F523A2C189ACD00F62972 /* Sources */ = {
			isa = PBXSourcesBuildPhase;
			buildActionMask = 2147483647;
			files = (
				BD5F52432C189ACD00F62972 /* Quack_MapUITests.swift in Sources */,
				BD5F52452C189ACD00F62972 /* Quack_MapUITestsLaunchTests.swift in Sources */,
			);
			runOnlyForDeploymentPostprocessing = 0;
		};
/* End PBXSourcesBuildPhase section */

/* Begin PBXTargetDependency section */
		BD5F52362C189ACD00F62972 /* PBXTargetDependency */ = {
			isa = PBXTargetDependency;
			target = BD5F52232C189ACC00F62972 /* Quack Map */;
			targetProxy = BD5F52352C189ACD00F62972 /* PBXContainerItemProxy */;
		};
		BD5F52402C189ACD00F62972 /* PBXTargetDependency */ = {
			isa = PBXTargetDependency;
			target = BD5F52232C189ACC00F62972 /* Quack Map */;
			targetProxy = BD5F523F2C189ACD00F62972 /* PBXContainerItemProxy */;
		};
/* End PBXTargetDependency section */

/* Begin XCBuildConfiguration section */
		BD5F52462C189ACD00F62972 /* Debug */ = {
			isa = XCBuildConfiguration;
			buildSettings = {
				ALWAYS_SEARCH_USER_PATHS = NO;
				ASSETCATALOG_COMPILER_GENERATE_SWIFT_ASSET_SYMBOL_EXTENSIONS = YES;
				CLANG_ANALYZER_NONNULL = YES;
				CLANG_ANALYZER_NUMBER_OBJECT_CONVERSION = YES_AGGRESSIVE;
				CLANG_CXX_LANGUAGE_STANDARD = "gnu++20";
				CLANG_ENABLE_MODULES = YES;
				CLANG_ENABLE_OBJC_ARC = YES;
				CLANG_ENABLE_OBJC_WEAK = YES;
				CLANG_WARN_BLOCK_CAPTURE_AUTORELEASING = YES;
				CLANG_WARN_BOOL_CONVERSION = YES;
				CLANG_WARN_COMMA = YES;
				CLANG_WARN_CONSTANT_CONVERSION = YES;
				CLANG_WARN_DEPRECATED_OBJC_IMPLEMENTATIONS = YES;
				CLANG_WARN_DIRECT_OBJC_ISA_USAGE = YES_ERROR;
				CLANG_WARN_DOCUMENTATION_COMMENTS = YES;
				CLANG_WARN_EMPTY_BODY = YES;
				CLANG_WARN_ENUM_CONVERSION = YES;
				CLANG_WARN_INFINITE_RECURSION = YES;
				CLANG_WARN_INT_CONVERSION = YES;
				CLANG_WARN_NON_LITERAL_NULL_CONVERSION = YES;
				CLANG_WARN_OBJC_IMPLICIT_RETAIN_SELF = YES;
				CLANG_WARN_OBJC_LITERAL_CONVERSION = YES;
				CLANG_WARN_OBJC_ROOT_CLASS = YES_ERROR;
				CLANG_WARN_QUOTED_INCLUDE_IN_FRAMEWORK_HEADER = YES;
				CLANG_WARN_RANGE_LOOP_ANALYSIS = YES;
				CLANG_WARN_STRICT_PROTOTYPES = YES;
				CLANG_WARN_SUSPICIOUS_MOVE = YES;
				CLANG_WARN_UNGUARDED_AVAILABILITY = YES_AGGRESSIVE;
				CLANG_WARN_UNREACHABLE_CODE = YES;
				CLANG_WARN__DUPLICATE_METHOD_MATCH = YES;
				COPY_PHASE_STRIP = NO;
				DEBUG_INFORMATION_FORMAT = dwarf;
				ENABLE_STRICT_OBJC_MSGSEND = YES;
				ENABLE_TESTABILITY = YES;
				ENABLE_USER_SCRIPT_SANDBOXING = YES;
				GCC_C_LANGUAGE_STANDARD = gnu17;
				GCC_DYNAMIC_NO_PIC = NO;
				GCC_NO_COMMON_BLOCKS = YES;
				GCC_OPTIMIZATION_LEVEL = 0;
				GCC_PREPROCESSOR_DEFINITIONS = (
					"DEBUG=1",
					"$(inherited)",
				);
				GCC_WARN_64_TO_32_BIT_CONVERSION = YES;
				GCC_WARN_ABOUT_RETURN_TYPE = YES_ERROR;
				GCC_WARN_UNDECLARED_SELECTOR = YES;
				GCC_WARN_UNINITIALIZED_AUTOS = YES_AGGRESSIVE;
				GCC_WARN_UNUSED_FUNCTION = YES;
				GCC_WARN_UNUSED_VARIABLE = YES;
				IPHONEOS_DEPLOYMENT_TARGET = 17.5;
				LOCALIZATION_PREFERS_STRING_CATALOGS = YES;
				MTL_ENABLE_DEBUG_INFO = INCLUDE_SOURCE;
				MTL_FAST_MATH = YES;
				ONLY_ACTIVE_ARCH = YES;
				SDKROOT = iphoneos;
				SWIFT_ACTIVE_COMPILATION_CONDITIONS = "DEBUG $(inherited)";
				SWIFT_OPTIMIZATION_LEVEL = "-Onone";
			};
			name = Debug;
		};
		BD5F52472C189ACD00F62972 /* Release */ = {
			isa = XCBuildConfiguration;
			buildSettings = {
				ALWAYS_SEARCH_USER_PATHS = NO;
				ASSETCATALOG_COMPILER_GENERATE_SWIFT_ASSET_SYMBOL_EXTENSIONS = YES;
				CLANG_ANALYZER_NONNULL = YES;
				CLANG_ANALYZER_NUMBER_OBJECT_CONVERSION = YES_AGGRESSIVE;
				CLANG_CXX_LANGUAGE_STANDARD = "gnu++20";
				CLANG_ENABLE_MODULES = YES;
				CLANG_ENABLE_OBJC_ARC = YES;
				CLANG_ENABLE_OBJC_WEAK = YES;
				CLANG_WARN_BLOCK_CAPTURE_AUTORELEASING = YES;
				CLANG_WARN_BOOL_CONVERSION = YES;
				CLANG_WARN_COMMA = YES;
				CLANG_WARN_CONSTANT_CONVERSION = YES;
				CLANG_WARN_DEPRECATED_OBJC_IMPLEMENTATIONS = YES;
				CLANG_WARN_DIRECT_OBJC_ISA_USAGE = YES_ERROR;
				CLANG_WARN_DOCUMENTATION_COMMENTS = YES;
				CLANG_WARN_EMPTY_BODY = YES;
				CLANG_WARN_ENUM_CONVERSION = YES;
				CLANG_WARN_INFINITE_RECURSION = YES;
				CLANG_WARN_INT_CONVERSION = YES;
				CLANG_WARN_NON_LITERAL_NULL_CONVERSION = YES;
				CLANG_WARN_OBJC_IMPLICIT_RETAIN_SELF = YES;
				CLANG_WARN_OBJC_LITERAL_CONVERSION = YES;
				CLANG_WARN_OBJC_ROOT_CLASS = YES_ERROR;
				CLANG_WARN_QUOTED_INCLUDE_IN_FRAMEWORK_HEADER = YES;
				CLANG_WARN_RANGE_LOOP_ANALYSIS = YES;
				CLANG_WARN_STRICT_PROTOTYPES = YES;
				CLANG_WARN_SUSPICIOUS_MOVE = YES;
				CLANG_WARN_UNGUARDED_AVAILABILITY = YES_AGGRESSIVE;
				CLANG_WARN_UNREACHABLE_CODE = YES;
				CLANG_WARN__DUPLICATE_METHOD_MATCH = YES;
				COPY_PHASE_STRIP = NO;
				DEBUG_INFORMATION_FORMAT = "dwarf-with-dsym";
				ENABLE_NS_ASSERTIONS = NO;
				ENABLE_STRICT_OBJC_MSGSEND = YES;
				ENABLE_USER_SCRIPT_SANDBOXING = YES;
				GCC_C_LANGUAGE_STANDARD = gnu17;
				GCC_NO_COMMON_BLOCKS = YES;
				GCC_WARN_64_TO_32_BIT_CONVERSION = YES;
				GCC_WARN_ABOUT_RETURN_TYPE = YES_ERROR;
				GCC_WARN_UNDECLARED_SELECTOR = YES;
				GCC_WARN_UNINITIALIZED_AUTOS = YES_AGGRESSIVE;
				GCC_WARN_UNUSED_FUNCTION = YES;
				GCC_WARN_UNUSED_VARIABLE = YES;
				IPHONEOS_DEPLOYMENT_TARGET = 17.5;
				LOCALIZATION_PREFERS_STRING_CATALOGS = YES;
				MTL_ENABLE_DEBUG_INFO = NO;
				MTL_FAST_MATH = YES;
				SDKROOT = iphoneos;
				SWIFT_COMPILATION_MODE = wholemodule;
				VALIDATE_PRODUCT = YES;
			};
			name = Release;
		};
		BD5F52492C189ACD00F62972 /* Debug */ = {
			isa = XCBuildConfiguration;
			buildSettings = {
				ASSETCATALOG_COMPILER_APPICON_NAME = AppIcon;
				ASSETCATALOG_COMPILER_GLOBAL_ACCENT_COLOR_NAME = AccentColor;
				CODE_SIGN_STYLE = Automatic;
				CURRENT_PROJECT_VERSION = 1;
				DEVELOPMENT_ASSET_PATHS = "\"Quack Map/Preview Content\"";
				ENABLE_PREVIEWS = YES;
				GENERATE_INFOPLIST_FILE = YES;
				INFOPLIST_KEY_UIApplicationSceneManifest_Generation = YES;
				INFOPLIST_KEY_UIApplicationSupportsIndirectInputEvents = YES;
				INFOPLIST_KEY_UILaunchScreen_Generation = YES;
				INFOPLIST_KEY_UISupportedInterfaceOrientations_iPad = "UIInterfaceOrientationPortrait UIInterfaceOrientationPortraitUpsideDown UIInterfaceOrientationLandscapeLeft UIInterfaceOrientationLandscapeRight";
				INFOPLIST_KEY_UISupportedInterfaceOrientations_iPhone = "UIInterfaceOrientationPortrait UIInterfaceOrientationLandscapeLeft UIInterfaceOrientationLandscapeRight";
				LD_RUNPATH_SEARCH_PATHS = (
					"$(inherited)",
					"@executable_path/Frameworks",
				);
				MARKETING_VERSION = 1.0;
				PRODUCT_BUNDLE_IDENTIFIER = "kwk.Quack-Map";
				PRODUCT_NAME = "$(TARGET_NAME)";
				SWIFT_EMIT_LOC_STRINGS = YES;
				SWIFT_VERSION = 5.0;
				TARGETED_DEVICE_FAMILY = "1,2";
			};
			name = Debug;
		};
		BD5F524A2C189ACD00F62972 /* Release */ = {
			isa = XCBuildConfiguration;
			buildSettings = {
				ASSETCATALOG_COMPILER_APPICON_NAME = AppIcon;
				ASSETCATALOG_COMPILER_GLOBAL_ACCENT_COLOR_NAME = AccentColor;
				CODE_SIGN_STYLE = Automatic;
				CURRENT_PROJECT_VERSION = 1;
				DEVELOPMENT_ASSET_PATHS = "\"Quack Map/Preview Content\"";
				ENABLE_PREVIEWS = YES;
				GENERATE_INFOPLIST_FILE = YES;
				INFOPLIST_KEY_UIApplicationSceneManifest_Generation = YES;
				INFOPLIST_KEY_UIApplicationSupportsIndirectInputEvents = YES;
				INFOPLIST_KEY_UILaunchScreen_Generation = YES;
				INFOPLIST_KEY_UISupportedInterfaceOrientations_iPad = "UIInterfaceOrientationPortrait UIInterfaceOrientationPortraitUpsideDown UIInterfaceOrientationLandscapeLeft UIInterfaceOrientationLandscapeRight";
				INFOPLIST_KEY_UISupportedInterfaceOrientations_iPhone = "UIInterfaceOrientationPortrait UIInterfaceOrientationLandscapeLeft UIInterfaceOrientationLandscapeRight";
				LD_RUNPATH_SEARCH_PATHS = (
					"$(inherited)",
					"@executable_path/Frameworks",
				);
				MARKETING_VERSION = 1.0;
				PRODUCT_BUNDLE_IDENTIFIER = "kwk.Quack-Map";
				PRODUCT_NAME = "$(TARGET_NAME)";
				SWIFT_EMIT_LOC_STRINGS = YES;
				SWIFT_VERSION = 5.0;
				TARGETED_DEVICE_FAMILY = "1,2";
			};
			name = Release;
		};
		BD5F524C2C189ACD00F62972 /* Debug */ = {
			isa = XCBuildConfiguration;
			buildSettings = {
				ALWAYS_EMBED_SWIFT_STANDARD_LIBRARIES = YES;
				BUNDLE_LOADER = "$(TEST_HOST)";
				CODE_SIGN_STYLE = Automatic;
				CURRENT_PROJECT_VERSION = 1;
				GENERATE_INFOPLIST_FILE = YES;
				IPHONEOS_DEPLOYMENT_TARGET = 17.5;
				MARKETING_VERSION = 1.0;
				PRODUCT_BUNDLE_IDENTIFIER = "kwk.Quack-MapTests";
				PRODUCT_NAME = "$(TARGET_NAME)";
				SWIFT_EMIT_LOC_STRINGS = NO;
				SWIFT_VERSION = 5.0;
				TARGETED_DEVICE_FAMILY = "1,2";
				TEST_HOST = "$(BUILT_PRODUCTS_DIR)/Quack Map.app/$(BUNDLE_EXECUTABLE_FOLDER_PATH)/Quack Map";
			};
			name = Debug;
		};
		BD5F524D2C189ACD00F62972 /* Release */ = {
			isa = XCBuildConfiguration;
			buildSettings = {
				ALWAYS_EMBED_SWIFT_STANDARD_LIBRARIES = YES;
				BUNDLE_LOADER = "$(TEST_HOST)";
				CODE_SIGN_STYLE = Automatic;
				CURRENT_PROJECT_VERSION = 1;
				GENERATE_INFOPLIST_FILE = YES;
				IPHONEOS_DEPLOYMENT_TARGET = 17.5;
				MARKETING_VERSION = 1.0;
				PRODUCT_BUNDLE_IDENTIFIER = "kwk.Quack-MapTests";
				PRODUCT_NAME = "$(TARGET_NAME)";
				SWIFT_EMIT_LOC_STRINGS = NO;
				SWIFT_VERSION = 5.0;
				TARGETED_DEVICE_FAMILY = "1,2";
				TEST_HOST = "$(BUILT_PRODUCTS_DIR)/Quack Map.app/$(BUNDLE_EXECUTABLE_FOLDER_PATH)/Quack Map";
			};
			name = Release;
		};
		BD5F524F2C189ACD00F62972 /* Debug */ = {
			isa = XCBuildConfiguration;
			buildSettings = {
				ALWAYS_EMBED_SWIFT_STANDARD_LIBRARIES = YES;
				CODE_SIGN_STYLE = Automatic;
				CURRENT_PROJECT_VERSION = 1;
				GENERATE_INFOPLIST_FILE = YES;
				MARKETING_VERSION = 1.0;
				PRODUCT_BUNDLE_IDENTIFIER = "kwk.Quack-MapUITests";
				PRODUCT_NAME = "$(TARGET_NAME)";
				SWIFT_EMIT_LOC_STRINGS = NO;
				SWIFT_VERSION = 5.0;
				TARGETED_DEVICE_FAMILY = "1,2";
				TEST_TARGET_NAME = "Quack Map";
			};
			name = Debug;
		};
		BD5F52502C189ACD00F62972 /* Release */ = {
			isa = XCBuildConfiguration;
			buildSettings = {
				ALWAYS_EMBED_SWIFT_STANDARD_LIBRARIES = YES;
				CODE_SIGN_STYLE = Automatic;
				CURRENT_PROJECT_VERSION = 1;
				GENERATE_INFOPLIST_FILE = YES;
				MARKETING_VERSION = 1.0;
				PRODUCT_BUNDLE_IDENTIFIER = "kwk.Quack-MapUITests";
				PRODUCT_NAME = "$(TARGET_NAME)";
				SWIFT_EMIT_LOC_STRINGS = NO;
				SWIFT_VERSION = 5.0;
				TARGETED_DEVICE_FAMILY = "1,2";
				TEST_TARGET_NAME = "Quack Map";
			};
			name = Release;
		};
/* End XCBuildConfiguration section */

/* Begin XCConfigurationList section */
		BD5F521F2C189ACC00F62972 /* Build configuration list for PBXProject "Quack Map" */ = {
			isa = XCConfigurationList;
			buildConfigurations = (
				BD5F52462C189ACD00F62972 /* Debug */,
				BD5F52472C189ACD00F62972 /* Release */,
			);
			defaultConfigurationIsVisible = 0;
			defaultConfigurationName = Release;
		};
		BD5F52482C189ACD00F62972 /* Build configuration list for PBXNativeTarget "Quack Map" */ = {
			isa = XCConfigurationList;
			buildConfigurations = (
				BD5F52492C189ACD00F62972 /* Debug */,
				BD5F524A2C189ACD00F62972 /* Release */,
			);
			defaultConfigurationIsVisible = 0;
			defaultConfigurationName = Release;
		};
		BD5F524B2C189ACD00F62972 /* Build configuration list for PBXNativeTarget "Quack MapTests" */ = {
			isa = XCConfigurationList;
			buildConfigurations = (
				BD5F524C2C189ACD00F62972 /* Debug */,
				BD5F524D2C189ACD00F62972 /* Release */,
			);
			defaultConfigurationIsVisible = 0;
			defaultConfigurationName = Release;
		};
		BD5F524E2C189ACD00F62972 /* Build configuration list for PBXNativeTarget "Quack MapUITests" */ = {
			isa = XCConfigurationList;
			buildConfigurations = (
				BD5F524F2C189ACD00F62972 /* Debug */,
				BD5F52502C189ACD00F62972 /* Release */,
			);
			defaultConfigurationIsVisible = 0;
			defaultConfigurationName = Release;
		};
/* End XCConfigurationList section */
	};
	rootObject = BD5F521C2C189ACC00F62972 /* Project object */;
}
